
Microsoft Visual Studio Solution File, Format Version 12.00
Project("{FAE04EC0-301F-11D3-BF4B-00C04F79EFBC}") = "SteamStorageAPI.SDK", "SteamStorageAPI.SDK\SteamStorageAPI.SDK.csproj", "{ED4D62F6-0CBC-4C02-AEF4-A0C00C322C63}"
EndProject
Global
	GlobalSection(SolutionConfigurationPlatforms) = preSolution
		Debug|Any CPU = Debug|Any CPU
		Release|Any CPU = Release|Any CPU
	EndGlobalSection
	GlobalSection(ProjectConfigurationPlatforms) = postSolution
		{ED4D62F6-0CBC-4C02-AEF4-A0C00C322C63}.Debug|Any CPU.ActiveCfg = Debug|Any CPU
		{ED4D62F6-0CBC-4C02-AEF4-A0C00C322C63}.Debug|Any CPU.Build.0 = Debug|Any CPU
		{ED4D62F6-0CBC-4C02-AEF4-A0C00C322C63}.Release|Any CPU.ActiveCfg = Release|Any CPU
		{ED4D62F6-0CBC-4C02-AEF4-A0C00C322C63}.Release|Any CPU.Build.0 = Release|Any CPU
	EndGlobalSection
EndGlobal
